// !$*UTF8*$!
{
	archiveVersion = 1;
	classes = {
	};
	objectVersion = 48;
	objects = {

/* Begin PBXBuildFile section */
		16C510FE8771A6209FB8A7A1 /* Pods_BazaarTestUITests.framework in Frameworks */ = {isa = PBXBuildFile; fileRef = F917EB4BED0A165F8CAB7698 /* Pods_BazaarTestUITests.framework */; };
		2CC90BC6A3A4CB1D27469CFD /* Pods_BazaarTest.framework in Frameworks */ = {isa = PBXBuildFile; fileRef = E8B6B21D0C87DB8597FFAA78 /* Pods_BazaarTest.framework */; };
		842B7D702101006C009E9DF5 /* Movie.swift in Sources */ = {isa = PBXBuildFile; fileRef = 842B7D6F2101006C009E9DF5 /* Movie.swift */; };
		842B7D722101D9B4009E9DF5 /* Search.swift in Sources */ = {isa = PBXBuildFile; fileRef = 842B7D712101D9B4009E9DF5 /* Search.swift */; };
		84441C2E210087C800BF7E99 /* Values.swift in Sources */ = {isa = PBXBuildFile; fileRef = 84441C2D210087C800BF7E99 /* Values.swift */; };
		847E5A6120FF2B5C009AF782 /* AppDelegate.swift in Sources */ = {isa = PBXBuildFile; fileRef = 847E5A6020FF2B5C009AF782 /* AppDelegate.swift */; };
		847E5A6620FF2B5C009AF782 /* Main.storyboard in Resources */ = {isa = PBXBuildFile; fileRef = 847E5A6420FF2B5C009AF782 /* Main.storyboard */; };
		847E5A6920FF2B5C009AF782 /* BazaarTest.xcdatamodeld in Sources */ = {isa = PBXBuildFile; fileRef = 847E5A6720FF2B5C009AF782 /* BazaarTest.xcdatamodeld */; };
		847E5A6B20FF2B5C009AF782 /* Assets.xcassets in Resources */ = {isa = PBXBuildFile; fileRef = 847E5A6A20FF2B5C009AF782 /* Assets.xcassets */; };
		847E5A6E20FF2B5C009AF782 /* LaunchScreen.storyboard in Resources */ = {isa = PBXBuildFile; fileRef = 847E5A6C20FF2B5C009AF782 /* LaunchScreen.storyboard */; };
		847E5A7920FF2B5C009AF782 /* BazaarTestTests.swift in Sources */ = {isa = PBXBuildFile; fileRef = 847E5A7820FF2B5C009AF782 /* BazaarTestTests.swift */; };
		847E5A8420FF2B5C009AF782 /* BazaarTestUITests.swift in Sources */ = {isa = PBXBuildFile; fileRef = 847E5A8320FF2B5C009AF782 /* BazaarTestUITests.swift */; };
		8488B46A21005CC700280A86 /* SearchVC.swift in Sources */ = {isa = PBXBuildFile; fileRef = 8488B46921005CC700280A86 /* SearchVC.swift */; };
		8488B46E2100611A00280A86 /* MovieTVC.swift in Sources */ = {isa = PBXBuildFile; fileRef = 8488B46D2100611A00280A86 /* MovieTVC.swift */; };
		84A7CFA82100863A00AD4827 /* Connection.swift in Sources */ = {isa = PBXBuildFile; fileRef = 84A7CFA72100863A00AD4827 /* Connection.swift */; };
		FA57885F0F30EBC0CDBD36F9 /* Pods_BazaarTestTests.framework in Frameworks */ = {isa = PBXBuildFile; fileRef = 30E1E6069E97419E55A1DFDC /* Pods_BazaarTestTests.framework */; };
/* End PBXBuildFile section */

/* Begin PBXContainerItemProxy section */
		847E5A7520FF2B5C009AF782 /* PBXContainerItemProxy */ = {
			isa = PBXContainerItemProxy;
			containerPortal = 847E5A5520FF2B5C009AF782 /* Project object */;
			proxyType = 1;
			remoteGlobalIDString = 847E5A5C20FF2B5C009AF782;
			remoteInfo = BazaarTest;
		};
		847E5A8020FF2B5C009AF782 /* PBXContainerItemProxy */ = {
			isa = PBXContainerItemProxy;
			containerPortal = 847E5A5520FF2B5C009AF782 /* Project object */;
			proxyType = 1;
			remoteGlobalIDString = 847E5A5C20FF2B5C009AF782;
			remoteInfo = BazaarTest;
		};
/* End PBXContainerItemProxy section */

/* Begin PBXFileReference section */
		26759C907870DABA23AD4C7A /* Pods-BazaarTest.debug.xcconfig */ = {isa = PBXFileReference; includeInIndex = 1; lastKnownFileType = text.xcconfig; name = "Pods-BazaarTest.debug.xcconfig"; path = "Pods/Target Support Files/Pods-BazaarTest/Pods-BazaarTest.debug.xcconfig"; sourceTree = "<group>"; };
		30E1E6069E97419E55A1DFDC /* Pods_BazaarTestTests.framework */ = {isa = PBXFileReference; explicitFileType = wrapper.framework; includeInIndex = 0; path = Pods_BazaarTestTests.framework; sourceTree = BUILT_PRODUCTS_DIR; };
		3B629FD2D52A7648CB252717 /* Pods-BazaarTestUITests.release.xcconfig */ = {isa = PBXFileReference; includeInIndex = 1; lastKnownFileType = text.xcconfig; name = "Pods-BazaarTestUITests.release.xcconfig"; path = "Pods/Target Support Files/Pods-BazaarTestUITests/Pods-BazaarTestUITests.release.xcconfig"; sourceTree = "<group>"; };
		6B60B6787E5F8E85701CADE4 /* Pods-BazaarTestTests.release.xcconfig */ = {isa = PBXFileReference; includeInIndex = 1; lastKnownFileType = text.xcconfig; name = "Pods-BazaarTestTests.release.xcconfig"; path = "Pods/Target Support Files/Pods-BazaarTestTests/Pods-BazaarTestTests.release.xcconfig"; sourceTree = "<group>"; };
		842B7D6F2101006C009E9DF5 /* Movie.swift */ = {isa = PBXFileReference; lastKnownFileType = sourcecode.swift; path = Movie.swift; sourceTree = "<group>"; };
		842B7D712101D9B4009E9DF5 /* Search.swift */ = {isa = PBXFileReference; lastKnownFileType = sourcecode.swift; path = Search.swift; sourceTree = "<group>"; };
		84441C2D210087C800BF7E99 /* Values.swift */ = {isa = PBXFileReference; lastKnownFileType = sourcecode.swift; path = Values.swift; sourceTree = "<group>"; };
		847E5A5D20FF2B5C009AF782 /* BazaarTest.app */ = {isa = PBXFileReference; explicitFileType = wrapper.application; includeInIndex = 0; path = BazaarTest.app; sourceTree = BUILT_PRODUCTS_DIR; };
		847E5A6020FF2B5C009AF782 /* AppDelegate.swift */ = {isa = PBXFileReference; lastKnownFileType = sourcecode.swift; path = AppDelegate.swift; sourceTree = "<group>"; };
		847E5A6520FF2B5C009AF782 /* Base */ = {isa = PBXFileReference; lastKnownFileType = file.storyboard; name = Base; path = Base.lproj/Main.storyboard; sourceTree = "<group>"; };
		847E5A6820FF2B5C009AF782 /* BazaarTest.xcdatamodel */ = {isa = PBXFileReference; lastKnownFileType = wrapper.xcdatamodel; path = BazaarTest.xcdatamodel; sourceTree = "<group>"; };
		847E5A6A20FF2B5C009AF782 /* Assets.xcassets */ = {isa = PBXFileReference; lastKnownFileType = folder.assetcatalog; path = Assets.xcassets; sourceTree = "<group>"; };
		847E5A6D20FF2B5C009AF782 /* Base */ = {isa = PBXFileReference; lastKnownFileType = file.storyboard; name = Base; path = Base.lproj/LaunchScreen.storyboard; sourceTree = "<group>"; };
		847E5A6F20FF2B5C009AF782 /* Info.plist */ = {isa = PBXFileReference; lastKnownFileType = text.plist.xml; path = Info.plist; sourceTree = "<group>"; };
		847E5A7420FF2B5C009AF782 /* BazaarTestTests.xctest */ = {isa = PBXFileReference; explicitFileType = wrapper.cfbundle; includeInIndex = 0; path = BazaarTestTests.xctest; sourceTree = BUILT_PRODUCTS_DIR; };
		847E5A7820FF2B5C009AF782 /* BazaarTestTests.swift */ = {isa = PBXFileReference; lastKnownFileType = sourcecode.swift; path = BazaarTestTests.swift; sourceTree = "<group>"; };
		847E5A7A20FF2B5C009AF782 /* Info.plist */ = {isa = PBXFileReference; lastKnownFileType = text.plist.xml; path = Info.plist; sourceTree = "<group>"; };
		847E5A7F20FF2B5C009AF782 /* BazaarTestUITests.xctest */ = {isa = PBXFileReference; explicitFileType = wrapper.cfbundle; includeInIndex = 0; path = BazaarTestUITests.xctest; sourceTree = BUILT_PRODUCTS_DIR; };
		847E5A8320FF2B5C009AF782 /* BazaarTestUITests.swift */ = {isa = PBXFileReference; lastKnownFileType = sourcecode.swift; path = BazaarTestUITests.swift; sourceTree = "<group>"; };
		847E5A8520FF2B5C009AF782 /* Info.plist */ = {isa = PBXFileReference; lastKnownFileType = text.plist.xml; path = Info.plist; sourceTree = "<group>"; };
		8488B46921005CC700280A86 /* SearchVC.swift */ = {isa = PBXFileReference; lastKnownFileType = sourcecode.swift; path = SearchVC.swift; sourceTree = "<group>"; };
		8488B46D2100611A00280A86 /* MovieTVC.swift */ = {isa = PBXFileReference; lastKnownFileType = sourcecode.swift; path = MovieTVC.swift; sourceTree = "<group>"; };
		84A7CFA72100863A00AD4827 /* Connection.swift */ = {isa = PBXFileReference; lastKnownFileType = sourcecode.swift; path = Connection.swift; sourceTree = "<group>"; };
		88EA4FD8C0B805E92CD9FD08 /* Pods-BazaarTestTests.debug.xcconfig */ = {isa = PBXFileReference; includeInIndex = 1; lastKnownFileType = text.xcconfig; name = "Pods-BazaarTestTests.debug.xcconfig"; path = "Pods/Target Support Files/Pods-BazaarTestTests/Pods-BazaarTestTests.debug.xcconfig"; sourceTree = "<group>"; };
		B0A88D4910B8EDDA28C19B54 /* Pods-BazaarTest.release.xcconfig */ = {isa = PBXFileReference; includeInIndex = 1; lastKnownFileType = text.xcconfig; name = "Pods-BazaarTest.release.xcconfig"; path = "Pods/Target Support Files/Pods-BazaarTest/Pods-BazaarTest.release.xcconfig"; sourceTree = "<group>"; };
		C08BE7C64A226704FE7EF84E /* Pods-BazaarTestUITests.debug.xcconfig */ = {isa = PBXFileReference; includeInIndex = 1; lastKnownFileType = text.xcconfig; name = "Pods-BazaarTestUITests.debug.xcconfig"; path = "Pods/Target Support Files/Pods-BazaarTestUITests/Pods-BazaarTestUITests.debug.xcconfig"; sourceTree = "<group>"; };
		E8B6B21D0C87DB8597FFAA78 /* Pods_BazaarTest.framework */ = {isa = PBXFileReference; explicitFileType = wrapper.framework; includeInIndex = 0; path = Pods_BazaarTest.framework; sourceTree = BUILT_PRODUCTS_DIR; };
		F917EB4BED0A165F8CAB7698 /* Pods_BazaarTestUITests.framework */ = {isa = PBXFileReference; explicitFileType = wrapper.framework; includeInIndex = 0; path = Pods_BazaarTestUITests.framework; sourceTree = BUILT_PRODUCTS_DIR; };
/* End PBXFileReference section */

/* Begin PBXFrameworksBuildPhase section */
		847E5A5A20FF2B5C009AF782 /* Frameworks */ = {
			isa = PBXFrameworksBuildPhase;
			buildActionMask = 2147483647;
			files = (
				2CC90BC6A3A4CB1D27469CFD /* Pods_BazaarTest.framework in Frameworks */,
			);
			runOnlyForDeploymentPostprocessing = 0;
		};
		847E5A7120FF2B5C009AF782 /* Frameworks */ = {
			isa = PBXFrameworksBuildPhase;
			buildActionMask = 2147483647;
			files = (
				FA57885F0F30EBC0CDBD36F9 /* Pods_BazaarTestTests.framework in Frameworks */,
			);
			runOnlyForDeploymentPostprocessing = 0;
		};
		847E5A7C20FF2B5C009AF782 /* Frameworks */ = {
			isa = PBXFrameworksBuildPhase;
			buildActionMask = 2147483647;
			files = (
				16C510FE8771A6209FB8A7A1 /* Pods_BazaarTestUITests.framework in Frameworks */,
			);
			runOnlyForDeploymentPostprocessing = 0;
		};
/* End PBXFrameworksBuildPhase section */

/* Begin PBXGroup section */
		84441C2A2100878000BF7E99 /* Resources */ = {
			isa = PBXGroup;
			children = (
				847E5A6A20FF2B5C009AF782 /* Assets.xcassets */,
				84441C2D210087C800BF7E99 /* Values.swift */,
			);
			path = Resources;
			sourceTree = "<group>";
		};
		847E5A5420FF2B5C009AF782 = {
			isa = PBXGroup;
			children = (
				847E5A5F20FF2B5C009AF782 /* BazaarTest */,
				847E5A7720FF2B5C009AF782 /* BazaarTestTests */,
				847E5A8220FF2B5C009AF782 /* BazaarTestUITests */,
				847E5A5E20FF2B5C009AF782 /* Products */,
				9BB3F0C21D16E4FF3F9990ED /* Pods */,
				A17EBB6B4BD14887FA11D634 /* Frameworks */,
			);
			sourceTree = "<group>";
		};
		847E5A5E20FF2B5C009AF782 /* Products */ = {
			isa = PBXGroup;
			children = (
				847E5A5D20FF2B5C009AF782 /* BazaarTest.app */,
				847E5A7420FF2B5C009AF782 /* BazaarTestTests.xctest */,
				847E5A7F20FF2B5C009AF782 /* BazaarTestUITests.xctest */,
			);
			name = Products;
			sourceTree = "<group>";
		};
		847E5A5F20FF2B5C009AF782 /* BazaarTest */ = {
			isa = PBXGroup;
			children = (
				847E5A6020FF2B5C009AF782 /* AppDelegate.swift */,
				84441C2A2100878000BF7E99 /* Resources */,
				8488B46221005B0200280A86 /* UI */,
				8488B45E210058A700280A86 /* Components */,
				847E5A6F20FF2B5C009AF782 /* Info.plist */,
				847E5A6720FF2B5C009AF782 /* BazaarTest.xcdatamodeld */,
			);
			path = BazaarTest;
			sourceTree = "<group>";
		};
		847E5A7720FF2B5C009AF782 /* BazaarTestTests */ = {
			isa = PBXGroup;
			children = (
				847E5A7820FF2B5C009AF782 /* BazaarTestTests.swift */,
				847E5A7A20FF2B5C009AF782 /* Info.plist */,
			);
			path = BazaarTestTests;
			sourceTree = "<group>";
		};
		847E5A8220FF2B5C009AF782 /* BazaarTestUITests */ = {
			isa = PBXGroup;
			children = (
				847E5A8320FF2B5C009AF782 /* BazaarTestUITests.swift */,
				847E5A8520FF2B5C009AF782 /* Info.plist */,
			);
			path = BazaarTestUITests;
			sourceTree = "<group>";
		};
		8488B45E210058A700280A86 /* Components */ = {
			isa = PBXGroup;
			children = (
				84A7CFA6210085B800AD4827 /* Network */,
				8488B460210059C500280A86 /* Models */,
			);
			path = Components;
			sourceTree = "<group>";
		};
		8488B460210059C500280A86 /* Models */ = {
			isa = PBXGroup;
			children = (
				842B7D6F2101006C009E9DF5 /* Movie.swift */,
				842B7D712101D9B4009E9DF5 /* Search.swift */,
			);
			path = Models;
			sourceTree = "<group>";
		};
		8488B46221005B0200280A86 /* UI */ = {
			isa = PBXGroup;
			children = (
				8488B46621005BAD00280A86 /* Storyboards */,
				8488B46421005B0E00280A86 /* ViewControllers */,
				8488B46321005B0800280A86 /* Cells */,
			);
			path = UI;
			sourceTree = "<group>";
		};
		8488B46321005B0800280A86 /* Cells */ = {
			isa = PBXGroup;
			children = (
				8488B46D2100611A00280A86 /* MovieTVC.swift */,
			);
			path = Cells;
			sourceTree = "<group>";
		};
		8488B46421005B0E00280A86 /* ViewControllers */ = {
			isa = PBXGroup;
			children = (
				8488B46921005CC700280A86 /* SearchVC.swift */,
			);
			path = ViewControllers;
			sourceTree = "<group>";
		};
		8488B46621005BAD00280A86 /* Storyboards */ = {
			isa = PBXGroup;
			children = (
				847E5A6420FF2B5C009AF782 /* Main.storyboard */,
				847E5A6C20FF2B5C009AF782 /* LaunchScreen.storyboard */,
			);
			path = Storyboards;
			sourceTree = "<group>";
		};
		84A7CFA6210085B800AD4827 /* Network */ = {
			isa = PBXGroup;
			children = (
				84A7CFA72100863A00AD4827 /* Connection.swift */,
			);
			path = Network;
			sourceTree = "<group>";
		};
		9BB3F0C21D16E4FF3F9990ED /* Pods */ = {
			isa = PBXGroup;
			children = (
				26759C907870DABA23AD4C7A /* Pods-BazaarTest.debug.xcconfig */,
				B0A88D4910B8EDDA28C19B54 /* Pods-BazaarTest.release.xcconfig */,
				88EA4FD8C0B805E92CD9FD08 /* Pods-BazaarTestTests.debug.xcconfig */,
				6B60B6787E5F8E85701CADE4 /* Pods-BazaarTestTests.release.xcconfig */,
				C08BE7C64A226704FE7EF84E /* Pods-BazaarTestUITests.debug.xcconfig */,
				3B629FD2D52A7648CB252717 /* Pods-BazaarTestUITests.release.xcconfig */,
			);
			name = Pods;
			sourceTree = "<group>";
		};
		A17EBB6B4BD14887FA11D634 /* Frameworks */ = {
			isa = PBXGroup;
			children = (
				E8B6B21D0C87DB8597FFAA78 /* Pods_BazaarTest.framework */,
				30E1E6069E97419E55A1DFDC /* Pods_BazaarTestTests.framework */,
				F917EB4BED0A165F8CAB7698 /* Pods_BazaarTestUITests.framework */,
			);
			name = Frameworks;
			sourceTree = "<group>";
		};
/* End PBXGroup section */

/* Begin PBXNativeTarget section */
		847E5A5C20FF2B5C009AF782 /* BazaarTest */ = {
			isa = PBXNativeTarget;
			buildConfigurationList = 847E5A8820FF2B5C009AF782 /* Build configuration list for PBXNativeTarget "BazaarTest" */;
			buildPhases = (
				ACA42702530F87612AB46823 /* [CP] Check Pods Manifest.lock */,
				847E5A5920FF2B5C009AF782 /* Sources */,
				847E5A5A20FF2B5C009AF782 /* Frameworks */,
				847E5A5B20FF2B5C009AF782 /* Resources */,
				A0531CDAFE1F11DE7CC30BB8 /* [CP] Embed Pods Frameworks */,
			);
			buildRules = (
			);
			dependencies = (
			);
			name = BazaarTest;
			productName = BazaarTest;
			productReference = 847E5A5D20FF2B5C009AF782 /* BazaarTest.app */;
			productType = "com.apple.product-type.application";
		};
		847E5A7320FF2B5C009AF782 /* BazaarTestTests */ = {
			isa = PBXNativeTarget;
			buildConfigurationList = 847E5A8B20FF2B5C009AF782 /* Build configuration list for PBXNativeTarget "BazaarTestTests" */;
			buildPhases = (
				5A191AA12AFAD36332716369 /* [CP] Check Pods Manifest.lock */,
				847E5A7020FF2B5C009AF782 /* Sources */,
				847E5A7120FF2B5C009AF782 /* Frameworks */,
				847E5A7220FF2B5C009AF782 /* Resources */,
			);
			buildRules = (
			);
			dependencies = (
				847E5A7620FF2B5C009AF782 /* PBXTargetDependency */,
			);
			name = BazaarTestTests;
			productName = BazaarTestTests;
			productReference = 847E5A7420FF2B5C009AF782 /* BazaarTestTests.xctest */;
			productType = "com.apple.product-type.bundle.unit-test";
		};
		847E5A7E20FF2B5C009AF782 /* BazaarTestUITests */ = {
			isa = PBXNativeTarget;
			buildConfigurationList = 847E5A8E20FF2B5C009AF782 /* Build configuration list for PBXNativeTarget "BazaarTestUITests" */;
			buildPhases = (
				055816D3E06D2B16AFFF39EA /* [CP] Check Pods Manifest.lock */,
				847E5A7B20FF2B5C009AF782 /* Sources */,
				847E5A7C20FF2B5C009AF782 /* Frameworks */,
				847E5A7D20FF2B5C009AF782 /* Resources */,
			);
			buildRules = (
			);
			dependencies = (
				847E5A8120FF2B5C009AF782 /* PBXTargetDependency */,
			);
			name = BazaarTestUITests;
			productName = BazaarTestUITests;
			productReference = 847E5A7F20FF2B5C009AF782 /* BazaarTestUITests.xctest */;
			productType = "com.apple.product-type.bundle.ui-testing";
		};
/* End PBXNativeTarget section */

/* Begin PBXProject section */
		847E5A5520FF2B5C009AF782 /* Project object */ = {
			isa = PBXProject;
			attributes = {
				LastSwiftUpdateCheck = 0920;
				LastUpgradeCheck = 0940;
				ORGANIZATIONNAME = negar;
				TargetAttributes = {
					847E5A5C20FF2B5C009AF782 = {
						CreatedOnToolsVersion = 9.2;
						ProvisioningStyle = Automatic;
					};
					847E5A7320FF2B5C009AF782 = {
						CreatedOnToolsVersion = 9.2;
						ProvisioningStyle = Automatic;
						TestTargetID = 847E5A5C20FF2B5C009AF782;
					};
					847E5A7E20FF2B5C009AF782 = {
						CreatedOnToolsVersion = 9.2;
						ProvisioningStyle = Automatic;
						TestTargetID = 847E5A5C20FF2B5C009AF782;
					};
				};
			};
			buildConfigurationList = 847E5A5820FF2B5C009AF782 /* Build configuration list for PBXProject "BazaarTest" */;
			compatibilityVersion = "Xcode 8.0";
			developmentRegion = en;
			hasScannedForEncodings = 0;
			knownRegions = (
				en,
				Base,
			);
			mainGroup = 847E5A5420FF2B5C009AF782;
			productRefGroup = 847E5A5E20FF2B5C009AF782 /* Products */;
			projectDirPath = "";
			projectRoot = "";
			targets = (
				847E5A5C20FF2B5C009AF782 /* BazaarTest */,
				847E5A7320FF2B5C009AF782 /* BazaarTestTests */,
				847E5A7E20FF2B5C009AF782 /* BazaarTestUITests */,
			);
		};
/* End PBXProject section */

/* Begin PBXResourcesBuildPhase section */
		847E5A5B20FF2B5C009AF782 /* Resources */ = {
			isa = PBXResourcesBuildPhase;
			buildActionMask = 2147483647;
			files = (
				847E5A6E20FF2B5C009AF782 /* LaunchScreen.storyboard in Resources */,
				847E5A6B20FF2B5C009AF782 /* Assets.xcassets in Resources */,
				847E5A6620FF2B5C009AF782 /* Main.storyboard in Resources */,
			);
			runOnlyForDeploymentPostprocessing = 0;
		};
		847E5A7220FF2B5C009AF782 /* Resources */ = {
			isa = PBXResourcesBuildPhase;
			buildActionMask = 2147483647;
			files = (
			);
			runOnlyForDeploymentPostprocessing = 0;
		};
		847E5A7D20FF2B5C009AF782 /* Resources */ = {
			isa = PBXResourcesBuildPhase;
			buildActionMask = 2147483647;
			files = (
			);
			runOnlyForDeploymentPostprocessing = 0;
		};
/* End PBXResourcesBuildPhase section */

/* Begin PBXShellScriptBuildPhase section */
		055816D3E06D2B16AFFF39EA /* [CP] Check Pods Manifest.lock */ = {
			isa = PBXShellScriptBuildPhase;
			buildActionMask = 2147483647;
			files = (
			);
			inputPaths = (
				"${PODS_PODFILE_DIR_PATH}/Podfile.lock",
				"${PODS_ROOT}/Manifest.lock",
			);
			name = "[CP] Check Pods Manifest.lock";
			outputPaths = (
				"$(DERIVED_FILE_DIR)/Pods-BazaarTestUITests-checkManifestLockResult.txt",
			);
			runOnlyForDeploymentPostprocessing = 0;
			shellPath = /bin/sh;
			shellScript = "diff \"${PODS_PODFILE_DIR_PATH}/Podfile.lock\" \"${PODS_ROOT}/Manifest.lock\" > /dev/null\nif [ $? != 0 ] ; then\n    # print error to STDERR\n    echo \"error: The sandbox is not in sync with the Podfile.lock. Run 'pod install' or update your CocoaPods installation.\" >&2\n    exit 1\nfi\n# This output is used by Xcode 'outputs' to avoid re-running this script phase.\necho \"SUCCESS\" > \"${SCRIPT_OUTPUT_FILE_0}\"\n";
			showEnvVarsInLog = 0;
		};
		5A191AA12AFAD36332716369 /* [CP] Check Pods Manifest.lock */ = {
			isa = PBXShellScriptBuildPhase;
			buildActionMask = 2147483647;
			files = (
			);
			inputPaths = (
				"${PODS_PODFILE_DIR_PATH}/Podfile.lock",
				"${PODS_ROOT}/Manifest.lock",
			);
			name = "[CP] Check Pods Manifest.lock";
			outputPaths = (
				"$(DERIVED_FILE_DIR)/Pods-BazaarTestTests-checkManifestLockResult.txt",
			);
			runOnlyForDeploymentPostprocessing = 0;
			shellPath = /bin/sh;
			shellScript = "diff \"${PODS_PODFILE_DIR_PATH}/Podfile.lock\" \"${PODS_ROOT}/Manifest.lock\" > /dev/null\nif [ $? != 0 ] ; then\n    # print error to STDERR\n    echo \"error: The sandbox is not in sync with the Podfile.lock. Run 'pod install' or update your CocoaPods installation.\" >&2\n    exit 1\nfi\n# This output is used by Xcode 'outputs' to avoid re-running this script phase.\necho \"SUCCESS\" > \"${SCRIPT_OUTPUT_FILE_0}\"\n";
			showEnvVarsInLog = 0;
		};
		A0531CDAFE1F11DE7CC30BB8 /* [CP] Embed Pods Frameworks */ = {
			isa = PBXShellScriptBuildPhase;
			buildActionMask = 2147483647;
			files = (
			);
			inputPaths = (
				"${SRCROOT}/Pods/Target Support Files/Pods-BazaarTest/Pods-BazaarTest-frameworks.sh",
				"${BUILT_PRODUCTS_DIR}/Alamofire/Alamofire.framework",
				"${BUILT_PRODUCTS_DIR}/SQLCipher/SQLCipher.framework",
				"${BUILT_PRODUCTS_DIR}/SQLite.swift/SQLite.framework",
				"${BUILT_PRODUCTS_DIR}/SwiftyJSON/SwiftyJSON.framework",
				"${BUILT_PRODUCTS_DIR}/SwiftyXMLParser/SwiftyXMLParser.framework",
			);
			name = "[CP] Embed Pods Frameworks";
			outputPaths = (
				"${TARGET_BUILD_DIR}/${FRAMEWORKS_FOLDER_PATH}/Alamofire.framework",
				"${TARGET_BUILD_DIR}/${FRAMEWORKS_FOLDER_PATH}/SQLCipher.framework",
				"${TARGET_BUILD_DIR}/${FRAMEWORKS_FOLDER_PATH}/SQLite.framework",
				"${TARGET_BUILD_DIR}/${FRAMEWORKS_FOLDER_PATH}/SwiftyJSON.framework",
				"${TARGET_BUILD_DIR}/${FRAMEWORKS_FOLDER_PATH}/SwiftyXMLParser.framework",
			);
			runOnlyForDeploymentPostprocessing = 0;
			shellPath = /bin/sh;
			shellScript = "\"${SRCROOT}/Pods/Target Support Files/Pods-BazaarTest/Pods-BazaarTest-frameworks.sh\"\n";
			showEnvVarsInLog = 0;
		};
		ACA42702530F87612AB46823 /* [CP] Check Pods Manifest.lock */ = {
			isa = PBXShellScriptBuildPhase;
			buildActionMask = 2147483647;
			files = (
			);
			inputPaths = (
				"${PODS_PODFILE_DIR_PATH}/Podfile.lock",
				"${PODS_ROOT}/Manifest.lock",
			);
			name = "[CP] Check Pods Manifest.lock";
			outputPaths = (
				"$(DERIVED_FILE_DIR)/Pods-BazaarTest-checkManifestLockResult.txt",
			);
			runOnlyForDeploymentPostprocessing = 0;
			shellPath = /bin/sh;
			shellScript = "diff \"${PODS_PODFILE_DIR_PATH}/Podfile.lock\" \"${PODS_ROOT}/Manifest.lock\" > /dev/null\nif [ $? != 0 ] ; then\n    # print error to STDERR\n    echo \"error: The sandbox is not in sync with the Podfile.lock. Run 'pod install' or update your CocoaPods installation.\" >&2\n    exit 1\nfi\n# This output is used by Xcode 'outputs' to avoid re-running this script phase.\necho \"SUCCESS\" > \"${SCRIPT_OUTPUT_FILE_0}\"\n";
			showEnvVarsInLog = 0;
		};
/* End PBXShellScriptBuildPhase section */

/* Begin PBXSourcesBuildPhase section */
		847E5A5920FF2B5C009AF782 /* Sources */ = {
			isa = PBXSourcesBuildPhase;
			buildActionMask = 2147483647;
			files = (
				842B7D702101006C009E9DF5 /* Movie.swift in Sources */,
				8488B46A21005CC700280A86 /* SearchVC.swift in Sources */,
				84441C2E210087C800BF7E99 /* Values.swift in Sources */,
				847E5A6120FF2B5C009AF782 /* AppDelegate.swift in Sources */,
				84A7CFA82100863A00AD4827 /* Connection.swift in Sources */,
				842B7D722101D9B4009E9DF5 /* Search.swift in Sources */,
				8488B46E2100611A00280A86 /* MovieTVC.swift in Sources */,
				847E5A6920FF2B5C009AF782 /* BazaarTest.xcdatamodeld in Sources */,
			);
			runOnlyForDeploymentPostprocessing = 0;
		};
		847E5A7020FF2B5C009AF782 /* Sources */ = {
			isa = PBXSourcesBuildPhase;
			buildActionMask = 2147483647;
			files = (
				847E5A7920FF2B5C009AF782 /* BazaarTestTests.swift in Sources */,
			);
			runOnlyForDeploymentPostprocessing = 0;
		};
		847E5A7B20FF2B5C009AF782 /* Sources */ = {
			isa = PBXSourcesBuildPhase;
			buildActionMask = 2147483647;
			files = (
				847E5A8420FF2B5C009AF782 /* BazaarTestUITests.swift in Sources */,
			);
			runOnlyForDeploymentPostprocessing = 0;
		};
/* End PBXSourcesBuildPhase section */

/* Begin PBXTargetDependency section */
		847E5A7620FF2B5C009AF782 /* PBXTargetDependency */ = {
			isa = PBXTargetDependency;
			target = 847E5A5C20FF2B5C009AF782 /* BazaarTest */;
			targetProxy = 847E5A7520FF2B5C009AF782 /* PBXContainerItemProxy */;
		};
		847E5A8120FF2B5C009AF782 /* PBXTargetDependency */ = {
			isa = PBXTargetDependency;
			target = 847E5A5C20FF2B5C009AF782 /* BazaarTest */;
			targetProxy = 847E5A8020FF2B5C009AF782 /* PBXContainerItemProxy */;
		};
/* End PBXTargetDependency section */

/* Begin PBXVariantGroup section */
		847E5A6420FF2B5C009AF782 /* Main.storyboard */ = {
			isa = PBXVariantGroup;
			children = (
				847E5A6520FF2B5C009AF782 /* Base */,
			);
			name = Main.storyboard;
			sourceTree = "<group>";
		};
		847E5A6C20FF2B5C009AF782 /* LaunchScreen.storyboard */ = {
			isa = PBXVariantGroup;
			children = (
				847E5A6D20FF2B5C009AF782 /* Base */,
			);
			name = LaunchScreen.storyboard;
			sourceTree = "<group>";
		};
/* End PBXVariantGroup section */

/* Begin XCBuildConfiguration section */
		847E5A8620FF2B5C009AF782 /* Debug */ = {
			isa = XCBuildConfiguration;
			buildSettings = {
				ALWAYS_SEARCH_USER_PATHS = NO;
				CLANG_ANALYZER_NONNULL = YES;
				CLANG_ANALYZER_NUMBER_OBJECT_CONVERSION = YES_AGGRESSIVE;
				CLANG_CXX_LANGUAGE_STANDARD = "gnu++14";
				CLANG_CXX_LIBRARY = "libc++";
				CLANG_ENABLE_MODULES = YES;
				CLANG_ENABLE_OBJC_ARC = YES;
				CLANG_WARN_BLOCK_CAPTURE_AUTORELEASING = YES;
				CLANG_WARN_BOOL_CONVERSION = YES;
				CLANG_WARN_COMMA = YES;
				CLANG_WARN_CONSTANT_CONVERSION = YES;
				CLANG_WARN_DEPRECATED_OBJC_IMPLEMENTATIONS = YES;
				CLANG_WARN_DIRECT_OBJC_ISA_USAGE = YES_ERROR;
				CLANG_WARN_DOCUMENTATION_COMMENTS = YES;
				CLANG_WARN_EMPTY_BODY = YES;
				CLANG_WARN_ENUM_CONVERSION = YES;
				CLANG_WARN_INFINITE_RECURSION = YES;
				CLANG_WARN_INT_CONVERSION = YES;
				CLANG_WARN_NON_LITERAL_NULL_CONVERSION = YES;
				CLANG_WARN_OBJC_IMPLICIT_RETAIN_SELF = YES;
				CLANG_WARN_OBJC_LITERAL_CONVERSION = YES;
				CLANG_WARN_OBJC_ROOT_CLASS = YES_ERROR;
				CLANG_WARN_RANGE_LOOP_ANALYSIS = YES;
				CLANG_WARN_STRICT_PROTOTYPES = YES;
				CLANG_WARN_SUSPICIOUS_MOVE = YES;
				CLANG_WARN_UNGUARDED_AVAILABILITY = YES_AGGRESSIVE;
				CLANG_WARN_UNREACHABLE_CODE = YES;
				CLANG_WARN__DUPLICATE_METHOD_MATCH = YES;
				CODE_SIGN_IDENTITY = "iPhone Developer";
				COPY_PHASE_STRIP = NO;
				DEBUG_INFORMATION_FORMAT = dwarf;
				ENABLE_STRICT_OBJC_MSGSEND = YES;
				ENABLE_TESTABILITY = YES;
				GCC_C_LANGUAGE_STANDARD = gnu11;
				GCC_DYNAMIC_NO_PIC = NO;
				GCC_NO_COMMON_BLOCKS = YES;
				GCC_OPTIMIZATION_LEVEL = 0;
				GCC_PREPROCESSOR_DEFINITIONS = (
					"DEBUG=1",
					"$(inherited)",
				);
				GCC_WARN_64_TO_32_BIT_CONVERSION = YES;
				GCC_WARN_ABOUT_RETURN_TYPE = YES_ERROR;
				GCC_WARN_UNDECLARED_SELECTOR = YES;
				GCC_WARN_UNINITIALIZED_AUTOS = YES_AGGRESSIVE;
				GCC_WARN_UNUSED_FUNCTION = YES;
				GCC_WARN_UNUSED_VARIABLE = YES;
				IPHONEOS_DEPLOYMENT_TARGET = 11.2;
				MTL_ENABLE_DEBUG_INFO = YES;
				ONLY_ACTIVE_ARCH = YES;
				SDKROOT = iphoneos;
				SWIFT_ACTIVE_COMPILATION_CONDITIONS = DEBUG;
				SWIFT_OPTIMIZATION_LEVEL = "-Onone";
			};
			name = Debug;
		};
		847E5A8720FF2B5C009AF782 /* Release */ = {
			isa = XCBuildConfiguration;
			buildSettings = {
				ALWAYS_SEARCH_USER_PATHS = NO;
				CLANG_ANALYZER_NONNULL = YES;
				CLANG_ANALYZER_NUMBER_OBJECT_CONVERSION = YES_AGGRESSIVE;
				CLANG_CXX_LANGUAGE_STANDARD = "gnu++14";
				CLANG_CXX_LIBRARY = "libc++";
				CLANG_ENABLE_MODULES = YES;
				CLANG_ENABLE_OBJC_ARC = YES;
				CLANG_WARN_BLOCK_CAPTURE_AUTORELEASING = YES;
				CLANG_WARN_BOOL_CONVERSION = YES;
				CLANG_WARN_COMMA = YES;
				CLANG_WARN_CONSTANT_CONVERSION = YES;
				CLANG_WARN_DEPRECATED_OBJC_IMPLEMENTATIONS = YES;
				CLANG_WARN_DIRECT_OBJC_ISA_USAGE = YES_ERROR;
				CLANG_WARN_DOCUMENTATION_COMMENTS = YES;
				CLANG_WARN_EMPTY_BODY = YES;
				CLANG_WARN_ENUM_CONVERSION = YES;
				CLANG_WARN_INFINITE_RECURSION = YES;
				CLANG_WARN_INT_CONVERSION = YES;
				CLANG_WARN_NON_LITERAL_NULL_CONVERSION = YES;
				CLANG_WARN_OBJC_IMPLICIT_RETAIN_SELF = YES;
				CLANG_WARN_OBJC_LITERAL_CONVERSION = YES;
				CLANG_WARN_OBJC_ROOT_CLASS = YES_ERROR;
				CLANG_WARN_RANGE_LOOP_ANALYSIS = YES;
				CLANG_WARN_STRICT_PROTOTYPES = YES;
				CLANG_WARN_SUSPICIOUS_MOVE = YES;
				CLANG_WARN_UNGUARDED_AVAILABILITY = YES_AGGRESSIVE;
				CLANG_WARN_UNREACHABLE_CODE = YES;
				CLANG_WARN__DUPLICATE_METHOD_MATCH = YES;
				CODE_SIGN_IDENTITY = "iPhone Developer";
				COPY_PHASE_STRIP = NO;
				DEBUG_INFORMATION_FORMAT = "dwarf-with-dsym";
				ENABLE_NS_ASSERTIONS = NO;
				ENABLE_STRICT_OBJC_MSGSEND = YES;
				GCC_C_LANGUAGE_STANDARD = gnu11;
				GCC_NO_COMMON_BLOCKS = YES;
				GCC_WARN_64_TO_32_BIT_CONVERSION = YES;
				GCC_WARN_ABOUT_RETURN_TYPE = YES_ERROR;
				GCC_WARN_UNDECLARED_SELECTOR = YES;
				GCC_WARN_UNINITIALIZED_AUTOS = YES_AGGRESSIVE;
				GCC_WARN_UNUSED_FUNCTION = YES;
				GCC_WARN_UNUSED_VARIABLE = YES;
				IPHONEOS_DEPLOYMENT_TARGET = 11.2;
				MTL_ENABLE_DEBUG_INFO = NO;
				SDKROOT = iphoneos;
				SWIFT_OPTIMIZATION_LEVEL = "-Owholemodule";
				VALIDATE_PRODUCT = YES;
			};
			name = Release;
		};
		847E5A8920FF2B5C009AF782 /* Debug */ = {
			isa = XCBuildConfiguration;
			baseConfigurationReference = 26759C907870DABA23AD4C7A /* Pods-BazaarTest.debug.xcconfig */;
			buildSettings = {
				ASSETCATALOG_COMPILER_APPICON_NAME = AppIcon;
				CODE_SIGN_STYLE = Automatic;
				DEVELOPMENT_TEAM = 687BB68TVP;
				INFOPLIST_FILE = BazaarTest/Info.plist;
				LD_RUNPATH_SEARCH_PATHS = "$(inherited) @executable_path/Frameworks";
				PRODUCT_BUNDLE_IDENTIFIER = negar.BazaarTest;
				PRODUCT_NAME = "$(TARGET_NAME)";
				SWIFT_VERSION = 4.0;
				TARGETED_DEVICE_FAMILY = "1,2";
			};
			name = Debug;
		};
		847E5A8A20FF2B5C009AF782 /* Release */ = {
			isa = XCBuildConfiguration;
			baseConfigurationReference = B0A88D4910B8EDDA28C19B54 /* Pods-BazaarTest.release.xcconfig */;
			buildSettings = {
				ASSETCATALOG_COMPILER_APPICON_NAME = AppIcon;
				CODE_SIGN_STYLE = Automatic;
				DEVELOPMENT_TEAM = 687BB68TVP;
				INFOPLIST_FILE = BazaarTest/Info.plist;
				LD_RUNPATH_SEARCH_PATHS = "$(inherited) @executable_path/Frameworks";
				PRODUCT_BUNDLE_IDENTIFIER = negar.BazaarTest;
				PRODUCT_NAME = "$(TARGET_NAME)";
				SWIFT_VERSION = 4.0;
				TARGETED_DEVICE_FAMILY = "1,2";
			};
			name = Release;
		};
		847E5A8C20FF2B5C009AF782 /* Debug */ = {
			isa = XCBuildConfiguration;
			baseConfigurationReference = 88EA4FD8C0B805E92CD9FD08 /* Pods-BazaarTestTests.debug.xcconfig */;
			buildSettings = {
				ALWAYS_EMBED_SWIFT_STANDARD_LIBRARIES = YES;
				BUNDLE_LOADER = "$(TEST_HOST)";
				CODE_SIGN_STYLE = Automatic;
				DEVELOPMENT_TEAM = 687BB68TVP;
				INFOPLIST_FILE = BazaarTestTests/Info.plist;
				LD_RUNPATH_SEARCH_PATHS = "$(inherited) @executable_path/Frameworks @loader_path/Frameworks";
				PRODUCT_BUNDLE_IDENTIFIER = negar.BazaarTestTests;
				PRODUCT_NAME = "$(TARGET_NAME)";
				SWIFT_VERSION = 4.0;
				TARGETED_DEVICE_FAMILY = "1,2";
				TEST_HOST = "$(BUILT_PRODUCTS_DIR)/BazaarTest.app/BazaarTest";
			};
			name = Debug;
		};
		847E5A8D20FF2B5C009AF782 /* Release */ = {
			isa = XCBuildConfiguration;
			baseConfigurationReference = 6B60B6787E5F8E85701CADE4 /* Pods-BazaarTestTests.release.xcconfig */;
			buildSettings = {
				ALWAYS_EMBED_SWIFT_STANDARD_LIBRARIES = YES;
				BUNDLE_LOADER = "$(TEST_HOST)";
				CODE_SIGN_STYLE = Automatic;
				DEVELOPMENT_TEAM = 687BB68TVP;
				INFOPLIST_FILE = BazaarTestTests/Info.plist;
				LD_RUNPATH_SEARCH_PATHS = "$(inherited) @executable_path/Frameworks @loader_path/Frameworks";
				PRODUCT_BUNDLE_IDENTIFIER = negar.BazaarTestTests;
				PRODUCT_NAME = "$(TARGET_NAME)";
				SWIFT_VERSION = 4.0;
				TARGETED_DEVICE_FAMILY = "1,2";
				TEST_HOST = "$(BUILT_PRODUCTS_DIR)/BazaarTest.app/BazaarTest";
			};
			name = Release;
		};
		847E5A8F20FF2B5C009AF782 /* Debug */ = {
			isa = XCBuildConfiguration;
			baseConfigurationReference = C08BE7C64A226704FE7EF84E /* Pods-BazaarTestUITests.debug.xcconfig */;
			buildSettings = {
				ALWAYS_EMBED_SWIFT_STANDARD_LIBRARIES = YES;
				CODE_SIGN_STYLE = Automatic;
				DEVELOPMENT_TEAM = 687BB68TVP;
				INFOPLIST_FILE = BazaarTestUITests/Info.plist;
				LD_RUNPATH_SEARCH_PATHS = "$(inherited) @executable_path/Frameworks @loader_path/Frameworks";
				PRODUCT_BUNDLE_IDENTIFIER = negar.BazaarTestUITests;
				PRODUCT_NAME = "$(TARGET_NAME)";
				SWIFT_VERSION = 4.0;
				TARGETED_DEVICE_FAMILY = "1,2";
				TEST_TARGET_NAME = BazaarTest;
			};
			name = Debug;
		};
		847E5A9020FF2B5C009AF782 /* Release */ = {
			isa = XCBuildConfiguration;
			baseConfigurationReference = 3B629FD2D52A7648CB252717 /* Pods-BazaarTestUITests.release.xcconfig */;
			buildSettings = {
				ALWAYS_EMBED_SWIFT_STANDARD_LIBRARIES = YES;
				CODE_SIGN_STYLE = Automatic;
				DEVELOPMENT_TEAM = 687BB68TVP;
				INFOPLIST_FILE = BazaarTestUITests/Info.plist;
				LD_RUNPATH_SEARCH_PATHS = "$(inherited) @executable_path/Frameworks @loader_path/Frameworks";
				PRODUCT_BUNDLE_IDENTIFIER = negar.BazaarTestUITests;
				PRODUCT_NAME = "$(TARGET_NAME)";
				SWIFT_VERSION = 4.0;
				TARGETED_DEVICE_FAMILY = "1,2";
				TEST_TARGET_NAME = BazaarTest;
			};
			name = Release;
		};
/* End XCBuildConfiguration section */

/* Begin XCConfigurationList section */
		847E5A5820FF2B5C009AF782 /* Build configuration list for PBXProject "BazaarTest" */ = {
			isa = XCConfigurationList;
			buildConfigurations = (
				847E5A8620FF2B5C009AF782 /* Debug */,
				847E5A8720FF2B5C009AF782 /* Release */,
			);
			defaultConfigurationIsVisible = 0;
			defaultConfigurationName = Release;
		};
		847E5A8820FF2B5C009AF782 /* Build configuration list for PBXNativeTarget "BazaarTest" */ = {
			isa = XCConfigurationList;
			buildConfigurations = (
				847E5A8920FF2B5C009AF782 /* Debug */,
				847E5A8A20FF2B5C009AF782 /* Release */,
			);
			defaultConfigurationIsVisible = 0;
			defaultConfigurationName = Release;
		};
		847E5A8B20FF2B5C009AF782 /* Build configuration list for PBXNativeTarget "BazaarTestTests" */ = {
			isa = XCConfigurationList;
			buildConfigurations = (
				847E5A8C20FF2B5C009AF782 /* Debug */,
				847E5A8D20FF2B5C009AF782 /* Release */,
			);
			defaultConfigurationIsVisible = 0;
			defaultConfigurationName = Release;
		};
		847E5A8E20FF2B5C009AF782 /* Build configuration list for PBXNativeTarget "BazaarTestUITests" */ = {
			isa = XCConfigurationList;
			buildConfigurations = (
				847E5A8F20FF2B5C009AF782 /* Debug */,
				847E5A9020FF2B5C009AF782 /* Release */,
			);
			defaultConfigurationIsVisible = 0;
			defaultConfigurationName = Release;
		};
/* End XCConfigurationList section */

/* Begin XCVersionGroup section */
		847E5A6720FF2B5C009AF782 /* BazaarTest.xcdatamodeld */ = {
			isa = XCVersionGroup;
			children = (
				847E5A6820FF2B5C009AF782 /* BazaarTest.xcdatamodel */,
			);
			currentVersion = 847E5A6820FF2B5C009AF782 /* BazaarTest.xcdatamodel */;
			path = BazaarTest.xcdatamodeld;
			sourceTree = "<group>";
			versionGroupType = wrapper.xcdatamodel;
		};
/* End XCVersionGroup section */
	};
	rootObject = 847E5A5520FF2B5C009AF782 /* Project object */;
}
